{
  "originHash" : "dbc92a3ed3c145040d05ef7a74924bddf24ac3f08e0d9d9d11eb9371da705e6b",
  "pins" : [
    {
      "identity" : "settingskit",
      "kind" : "remoteSourceControl",
      "location" : "https://github.com/LZhenHong/SettingsKit.git",
      "state" : {
        "revision" : "4fc0e89a929a9b0cfa7ceff81590fa909de345f3",
        "version" : "0.0.1"
      }
    },
    {
      "identity" : "storagemacro",
      "kind" : "remoteSourceControl",
      "location" : "https://github.com/LZhenHong/StorageMacro",
      "state" : {
        "branch" : "main",
        "revision" : "fa0646a090a8ac418ccd9d13d3d10cd1dd5efdda"
      }
    },
    {
      "identity" : "swift-syntax",
      "kind" : "remoteSourceControl",
      "location" : "https://github.com/apple/swift-syntax.git",
      "state" : {
        "revision" : "64889f0c732f210a935a0ad7cda38f77f876262d",
        "version" : "509.1.1"
      }
    }
  ],
  "version" : 3
}
