{
  "originHash" : "94fd07f8ab78714bd6dad1ea254a22a0017f7663a582274c30d4eb562ca0a3ef",
  "pins" : [
    {
      "identity" : "settingskit",
      "kind" : "remoteSourceControl",
      "location" : "https://github.com/LZhenHong/SettingsKit.git",
      "state" : {
        "revision" : "4fc0e89a929a9b0cfa7ceff81590fa909de345f3",
        "version" : "0.0.1"
      }
    },
    {
      "identity" : "storagemacro",
      "kind" : "remoteSourceControl",
      "location" : "https://github.com/LZhenHong/StorageMacro",
      "state" : {
        "revision" : "3c8426cb7629009f6df3dc8cc0fb708187f75750",
        "version" : "0.0.2"
      }
    },
    {
      "identity" : "swift-syntax",
      "kind" : "remoteSourceControl",
      "location" : "https://github.com/apple/swift-syntax.git",
      "state" : {
        "revision" : "64889f0c732f210a935a0ad7cda38f77f876262d",
        "version" : "509.1.1"
      }
    }
  ],
  "version" : 3
}
