// !$*UTF8*$!
{
	archiveVersion = 1;
	classes = {
	};
	objectVersion = 56;
	objects = {

/* Begin PBXBuildFile section */
		F20351CA2BE8E02900F42D8B /* RawRepresentable+.swift in Sources */ = {isa = PBXBuildFile; fileRef = F20351C92BE8E02900F42D8B /* RawRepresentable+.swift */; };
		F215A8332BE7D7E4008AB0C4 /* AppDelegate.swift in Sources */ = {isa = PBXBuildFile; fileRef = F215A8322BE7D7E4008AB0C4 /* AppDelegate.swift */; };
		F215A8372BE7D7E5008AB0C4 /* Assets.xcassets in Resources */ = {isa = PBXBuildFile; fileRef = F215A8362BE7D7E5008AB0C4 /* Assets.xcassets */; };
		F215A8432BE7D87C008AB0C4 /* main.swift in Sources */ = {isa = PBXBuildFile; fileRef = F215A8422BE7D87C008AB0C4 /* main.swift */; };
		F215A8552BE7D8DE008AB0C4 /* MenuBarItemController.swift in Sources */ = {isa = PBXBuildFile; fileRef = F215A8442BE7D8DE008AB0C4 /* MenuBarItemController.swift */; };
		F215A8562BE7D8DE008AB0C4 /* SettingContentRepresentable.swift in Sources */ = {isa = PBXBuildFile; fileRef = F215A8452BE7D8DE008AB0C4 /* SettingContentRepresentable.swift */; };
		F215A8572BE7D8DE008AB0C4 /* SettingTabViewController.swift in Sources */ = {isa = PBXBuildFile; fileRef = F215A8462BE7D8DE008AB0C4 /* SettingTabViewController.swift */; };
		F215A8582BE7D8DE008AB0C4 /* SettingViewController.swift in Sources */ = {isa = PBXBuildFile; fileRef = F215A8472BE7D8DE008AB0C4 /* SettingViewController.swift */; };
		F215A8592BE7D8DE008AB0C4 /* SettingWindowController.swift in Sources */ = {isa = PBXBuildFile; fileRef = F215A8482BE7D8DE008AB0C4 /* SettingWindowController.swift */; };
		F215A85B2BE7D8DE008AB0C4 /* Bundle+.swift in Sources */ = {isa = PBXBuildFile; fileRef = F215A84B2BE7D8DE008AB0C4 /* Bundle+.swift */; };
		F215A85C2BE7D8DE008AB0C4 /* Map+.swift in Sources */ = {isa = PBXBuildFile; fileRef = F215A84C2BE7D8DE008AB0C4 /* Map+.swift */; };
		F215A85D2BE7D8DE008AB0C4 /* LaunchAtLogin.swift in Sources */ = {isa = PBXBuildFile; fileRef = F215A84E2BE7D8DE008AB0C4 /* LaunchAtLogin.swift */; };
		F215A85E2BE7D8DE008AB0C4 /* MenuBuilder.swift in Sources */ = {isa = PBXBuildFile; fileRef = F215A84F2BE7D8DE008AB0C4 /* MenuBuilder.swift */; };
		F215A85F2BE7D8DE008AB0C4 /* MenuItemBuilder.swift in Sources */ = {isa = PBXBuildFile; fileRef = F215A8502BE7D8DE008AB0C4 /* MenuItemBuilder.swift */; };
		F215A8602BE7D8DE008AB0C4 /* SubscriptionToken.swift in Sources */ = {isa = PBXBuildFile; fileRef = F215A8512BE7D8DE008AB0C4 /* SubscriptionToken.swift */; };
		F215A8612BE7D8DE008AB0C4 /* URLSchemeUtils.swift in Sources */ = {isa = PBXBuildFile; fileRef = F215A8522BE7D8DE008AB0C4 /* URLSchemeUtils.swift */; };
		F215A8622BE7D8DE008AB0C4 /* ViewUtils.swift in Sources */ = {isa = PBXBuildFile; fileRef = F215A8532BE7D8DE008AB0C4 /* ViewUtils.swift */; };
		F215A8642BE7E9B5008AB0C4 /* GeneralSetting.swift in Sources */ = {isa = PBXBuildFile; fileRef = F215A8632BE7E9B5008AB0C4 /* GeneralSetting.swift */; };
		F215A8662BE7E9F9008AB0C4 /* AboutSetting.swift in Sources */ = {isa = PBXBuildFile; fileRef = F215A8652BE7E9F9008AB0C4 /* AboutSetting.swift */; };
		F215A8692BE7EC9F008AB0C4 /* InfoPlist.xcstrings in Resources */ = {isa = PBXBuildFile; fileRef = F215A8682BE7EC9F008AB0C4 /* InfoPlist.xcstrings */; };
		F215A86B2BE7ED68008AB0C4 /* Localizable.xcstrings in Resources */ = {isa = PBXBuildFile; fileRef = F215A86A2BE7ED68008AB0C4 /* Localizable.xcstrings */; };
		F215A86D2BE7EF70008AB0C4 /* AppState.swift in Sources */ = {isa = PBXBuildFile; fileRef = F215A86C2BE7EF70008AB0C4 /* AppState.swift */; };
		F215A86F2BE7F1E7008AB0C4 /* AXUtils.swift in Sources */ = {isa = PBXBuildFile; fileRef = F215A86E2BE7F1E7008AB0C4 /* AXUtils.swift */; };
		F215A8712BE7F9FD008AB0C4 /* FinderWindowFixer.swift in Sources */ = {isa = PBXBuildFile; fileRef = F215A8702BE7F9FD008AB0C4 /* FinderWindowFixer.swift */; };
		F2EFDD442BEBCEAF001A9B6D /* Storage in Frameworks */ = {isa = PBXBuildFile; productRef = F2EFDD432BEBCEAF001A9B6D /* Storage */; };
		F2EFDD462BEBE1BA001A9B6D /* WindowFixer.swift in Sources */ = {isa = PBXBuildFile; fileRef = F2EFDD452BEBE1BA001A9B6D /* WindowFixer.swift */; };
/* End PBXBuildFile section */

/* Begin PBXFileReference section */
		F20351C92BE8E02900F42D8B /* RawRepresentable+.swift */ = {isa = PBXFileReference; lastKnownFileType = sourcecode.swift; path = "RawRepresentable+.swift"; sourceTree = "<group>"; };
		F215A82F2BE7D7E4008AB0C4 /* FinderResize.app */ = {isa = PBXFileReference; explicitFileType = wrapper.application; includeInIndex = 0; path = FinderResize.app; sourceTree = BUILT_PRODUCTS_DIR; };
		F215A8322BE7D7E4008AB0C4 /* AppDelegate.swift */ = {isa = PBXFileReference; lastKnownFileType = sourcecode.swift; path = AppDelegate.swift; sourceTree = "<group>"; };
		F215A8362BE7D7E5008AB0C4 /* Assets.xcassets */ = {isa = PBXFileReference; lastKnownFileType = folder.assetcatalog; path = Assets.xcassets; sourceTree = "<group>"; };
		F215A83B2BE7D7E5008AB0C4 /* FinderResize.entitlements */ = {isa = PBXFileReference; lastKnownFileType = text.plist.entitlements; path = FinderResize.entitlements; sourceTree = "<group>"; };
		F215A8422BE7D87C008AB0C4 /* main.swift */ = {isa = PBXFileReference; lastKnownFileType = sourcecode.swift; path = main.swift; sourceTree = "<group>"; };
		F215A8442BE7D8DE008AB0C4 /* MenuBarItemController.swift */ = {isa = PBXFileReference; fileEncoding = 4; lastKnownFileType = sourcecode.swift; path = MenuBarItemController.swift; sourceTree = "<group>"; };
		F215A8452BE7D8DE008AB0C4 /* SettingContentRepresentable.swift */ = {isa = PBXFileReference; fileEncoding = 4; lastKnownFileType = sourcecode.swift; path = SettingContentRepresentable.swift; sourceTree = "<group>"; };
		F215A8462BE7D8DE008AB0C4 /* SettingTabViewController.swift */ = {isa = PBXFileReference; fileEncoding = 4; lastKnownFileType = sourcecode.swift; path = SettingTabViewController.swift; sourceTree = "<group>"; };
		F215A8472BE7D8DE008AB0C4 /* SettingViewController.swift */ = {isa = PBXFileReference; fileEncoding = 4; lastKnownFileType = sourcecode.swift; path = SettingViewController.swift; sourceTree = "<group>"; };
		F215A8482BE7D8DE008AB0C4 /* SettingWindowController.swift */ = {isa = PBXFileReference; fileEncoding = 4; lastKnownFileType = sourcecode.swift; path = SettingWindowController.swift; sourceTree = "<group>"; };
		F215A84B2BE7D8DE008AB0C4 /* Bundle+.swift */ = {isa = PBXFileReference; fileEncoding = 4; lastKnownFileType = sourcecode.swift; path = "Bundle+.swift"; sourceTree = "<group>"; };
		F215A84C2BE7D8DE008AB0C4 /* Map+.swift */ = {isa = PBXFileReference; fileEncoding = 4; lastKnownFileType = sourcecode.swift; path = "Map+.swift"; sourceTree = "<group>"; };
		F215A84E2BE7D8DE008AB0C4 /* LaunchAtLogin.swift */ = {isa = PBXFileReference; fileEncoding = 4; lastKnownFileType = sourcecode.swift; path = LaunchAtLogin.swift; sourceTree = "<group>"; };
		F215A84F2BE7D8DE008AB0C4 /* MenuBuilder.swift */ = {isa = PBXFileReference; fileEncoding = 4; lastKnownFileType = sourcecode.swift; path = MenuBuilder.swift; sourceTree = "<group>"; };
		F215A8502BE7D8DE008AB0C4 /* MenuItemBuilder.swift */ = {isa = PBXFileReference; fileEncoding = 4; lastKnownFileType = sourcecode.swift; path = MenuItemBuilder.swift; sourceTree = "<group>"; };
		F215A8512BE7D8DE008AB0C4 /* SubscriptionToken.swift */ = {isa = PBXFileReference; fileEncoding = 4; lastKnownFileType = sourcecode.swift; path = SubscriptionToken.swift; sourceTree = "<group>"; };
		F215A8522BE7D8DE008AB0C4 /* URLSchemeUtils.swift */ = {isa = PBXFileReference; fileEncoding = 4; lastKnownFileType = sourcecode.swift; path = URLSchemeUtils.swift; sourceTree = "<group>"; };
		F215A8532BE7D8DE008AB0C4 /* ViewUtils.swift */ = {isa = PBXFileReference; fileEncoding = 4; lastKnownFileType = sourcecode.swift; path = ViewUtils.swift; sourceTree = "<group>"; };
		F215A8632BE7E9B5008AB0C4 /* GeneralSetting.swift */ = {isa = PBXFileReference; lastKnownFileType = sourcecode.swift; path = GeneralSetting.swift; sourceTree = "<group>"; };
		F215A8652BE7E9F9008AB0C4 /* AboutSetting.swift */ = {isa = PBXFileReference; lastKnownFileType = sourcecode.swift; path = AboutSetting.swift; sourceTree = "<group>"; };
		F215A8682BE7EC9F008AB0C4 /* InfoPlist.xcstrings */ = {isa = PBXFileReference; lastKnownFileType = text.json.xcstrings; path = InfoPlist.xcstrings; sourceTree = "<group>"; };
		F215A86A2BE7ED68008AB0C4 /* Localizable.xcstrings */ = {isa = PBXFileReference; lastKnownFileType = text.json.xcstrings; path = Localizable.xcstrings; sourceTree = "<group>"; };
		F215A86C2BE7EF70008AB0C4 /* AppState.swift */ = {isa = PBXFileReference; lastKnownFileType = sourcecode.swift; path = AppState.swift; sourceTree = "<group>"; };
		F215A86E2BE7F1E7008AB0C4 /* AXUtils.swift */ = {isa = PBXFileReference; lastKnownFileType = sourcecode.swift; path = AXUtils.swift; sourceTree = "<group>"; };
		F215A8702BE7F9FD008AB0C4 /* FinderWindowFixer.swift */ = {isa = PBXFileReference; lastKnownFileType = sourcecode.swift; path = FinderWindowFixer.swift; sourceTree = "<group>"; };
		F29AA7422DD105B400828734 /* README.md */ = {isa = PBXFileReference; lastKnownFileType = net.daringfireball.markdown; name = README.md; path = ../README.md; sourceTree = SOURCE_ROOT; };
		F2EFDD452BEBE1BA001A9B6D /* WindowFixer.swift */ = {isa = PBXFileReference; lastKnownFileType = sourcecode.swift; path = WindowFixer.swift; sourceTree = "<group>"; };
/* End PBXFileReference section */

/* Begin PBXFrameworksBuildPhase section */
		F215A82C2BE7D7E4008AB0C4 /* Frameworks */ = {
			isa = PBXFrameworksBuildPhase;
			buildActionMask = 2147483647;
			files = (
				F2EFDD442BEBCEAF001A9B6D /* Storage in Frameworks */,
			);
			runOnlyForDeploymentPostprocessing = 0;
		};
/* End PBXFrameworksBuildPhase section */

/* Begin PBXGroup section */
		F215A8262BE7D7E4008AB0C4 = {
			isa = PBXGroup;
			children = (
				F29AA7422DD105B400828734 /* README.md */,
				F215A8312BE7D7E4008AB0C4 /* FinderResize */,
				F215A8302BE7D7E4008AB0C4 /* Products */,
			);
			sourceTree = "<group>";
		};
		F215A8302BE7D7E4008AB0C4 /* Products */ = {
			isa = PBXGroup;
			children = (
				F215A82F2BE7D7E4008AB0C4 /* FinderResize.app */,
			);
			name = Products;
			sourceTree = "<group>";
		};
		F215A8312BE7D7E4008AB0C4 /* FinderResize */ = {
			isa = PBXGroup;
			children = (
				F215A8422BE7D87C008AB0C4 /* main.swift */,
				F215A8322BE7D7E4008AB0C4 /* AppDelegate.swift */,
				F215A8442BE7D8DE008AB0C4 /* MenuBarItemController.swift */,
				F215A86C2BE7EF70008AB0C4 /* AppState.swift */,
				F215A8632BE7E9B5008AB0C4 /* GeneralSetting.swift */,
				F215A8652BE7E9F9008AB0C4 /* AboutSetting.swift */,
				F215A86E2BE7F1E7008AB0C4 /* AXUtils.swift */,
				F2EFDD452BEBE1BA001A9B6D /* WindowFixer.swift */,
				F215A8702BE7F9FD008AB0C4 /* FinderWindowFixer.swift */,
				F215A8542BE7D8DE008AB0C4 /* Utils */,
				F215A8672BE7EC70008AB0C4 /* Resources */,
			);
			path = FinderResize;
			sourceTree = "<group>";
		};
		F215A8492BE7D8DE008AB0C4 /* Settings */ = {
			isa = PBXGroup;
			children = (
				F215A8452BE7D8DE008AB0C4 /* SettingContentRepresentable.swift */,
				F215A8462BE7D8DE008AB0C4 /* SettingTabViewController.swift */,
				F215A8472BE7D8DE008AB0C4 /* SettingViewController.swift */,
				F215A8482BE7D8DE008AB0C4 /* SettingWindowController.swift */,
			);
			path = Settings;
			sourceTree = "<group>";
		};
		F215A84D2BE7D8DE008AB0C4 /* Ext */ = {
			isa = PBXGroup;
			children = (
				F215A84B2BE7D8DE008AB0C4 /* Bundle+.swift */,
				F215A84C2BE7D8DE008AB0C4 /* Map+.swift */,
				F20351C92BE8E02900F42D8B /* RawRepresentable+.swift */,
			);
			path = Ext;
			sourceTree = "<group>";
		};
		F215A8542BE7D8DE008AB0C4 /* Utils */ = {
			isa = PBXGroup;
			children = (
				F215A8492BE7D8DE008AB0C4 /* Settings */,
				F215A84D2BE7D8DE008AB0C4 /* Ext */,
				F215A84E2BE7D8DE008AB0C4 /* LaunchAtLogin.swift */,
				F215A84F2BE7D8DE008AB0C4 /* MenuBuilder.swift */,
				F215A8502BE7D8DE008AB0C4 /* MenuItemBuilder.swift */,
				F215A8512BE7D8DE008AB0C4 /* SubscriptionToken.swift */,
				F215A8522BE7D8DE008AB0C4 /* URLSchemeUtils.swift */,
				F215A8532BE7D8DE008AB0C4 /* ViewUtils.swift */,
			);
			path = Utils;
			sourceTree = "<group>";
		};
		F215A8672BE7EC70008AB0C4 /* Resources */ = {
			isa = PBXGroup;
			children = (
				F215A86A2BE7ED68008AB0C4 /* Localizable.xcstrings */,
				F215A8682BE7EC9F008AB0C4 /* InfoPlist.xcstrings */,
				F215A8362BE7D7E5008AB0C4 /* Assets.xcassets */,
				F215A83B2BE7D7E5008AB0C4 /* FinderResize.entitlements */,
			);
			path = Resources;
			sourceTree = "<group>";
		};
/* End PBXGroup section */

/* Begin PBXNativeTarget section */
		F215A82E2BE7D7E4008AB0C4 /* FinderResize */ = {
			isa = PBXNativeTarget;
			buildConfigurationList = F215A83E2BE7D7E5008AB0C4 /* Build configuration list for PBXNativeTarget "FinderResize" */;
			buildPhases = (
				F215A82B2BE7D7E4008AB0C4 /* Sources */,
				F215A82C2BE7D7E4008AB0C4 /* Frameworks */,
				F215A82D2BE7D7E4008AB0C4 /* Resources */,
			);
			buildRules = (
			);
			dependencies = (
			);
			name = FinderResize;
			packageProductDependencies = (
				F2EFDD432BEBCEAF001A9B6D /* Storage */,
			);
			productName = FinderEnhancer;
			productReference = F215A82F2BE7D7E4008AB0C4 /* FinderResize.app */;
			productType = "com.apple.product-type.application";
		};
/* End PBXNativeTarget section */

/* Begin PBXProject section */
		F215A8272BE7D7E4008AB0C4 /* Project object */ = {
			isa = PBXProject;
			attributes = {
				BuildIndependentTargetsInParallel = 1;
				LastSwiftUpdateCheck = 1530;
				LastUpgradeCheck = 1620;
				TargetAttributes = {
					F215A82E2BE7D7E4008AB0C4 = {
						CreatedOnToolsVersion = 15.3;
					};
				};
			};
			buildConfigurationList = F215A82A2BE7D7E4008AB0C4 /* Build configuration list for PBXProject "FinderResize" */;
			compatibilityVersion = "Xcode 14.0";
			developmentRegion = en;
			hasScannedForEncodings = 0;
			knownRegions = (
				en,
				Base,
				"zh-Hans",
				"zh-Hant",
			);
			mainGroup = F215A8262BE7D7E4008AB0C4;
			packageReferences = (
				F2EFDD422BEBCEAF001A9B6D /* XCRemoteSwiftPackageReference "StorageMacro" */,
			);
			productRefGroup = F215A8302BE7D7E4008AB0C4 /* Products */;
			projectDirPath = "";
			projectRoot = "";
			targets = (
				F215A82E2BE7D7E4008AB0C4 /* FinderResize */,
			);
		};
/* End PBXProject section */

/* Begin PBXResourcesBuildPhase section */
		F215A82D2BE7D7E4008AB0C4 /* Resources */ = {
			isa = PBXResourcesBuildPhase;
			buildActionMask = 2147483647;
			files = (
				F215A8692BE7EC9F008AB0C4 /* InfoPlist.xcstrings in Resources */,
				F215A8372BE7D7E5008AB0C4 /* Assets.xcassets in Resources */,
				F215A86B2BE7ED68008AB0C4 /* Localizable.xcstrings in Resources */,
			);
			runOnlyForDeploymentPostprocessing = 0;
		};
/* End PBXResourcesBuildPhase section */

/* Begin PBXSourcesBuildPhase section */
		F215A82B2BE7D7E4008AB0C4 /* Sources */ = {
			isa = PBXSourcesBuildPhase;
			buildActionMask = 2147483647;
			files = (
				F215A8612BE7D8DE008AB0C4 /* URLSchemeUtils.swift in Sources */,
				F215A8332BE7D7E4008AB0C4 /* AppDelegate.swift in Sources */,
				F20351CA2BE8E02900F42D8B /* RawRepresentable+.swift in Sources */,
				F215A86D2BE7EF70008AB0C4 /* AppState.swift in Sources */,
				F215A8662BE7E9F9008AB0C4 /* AboutSetting.swift in Sources */,
				F215A8572BE7D8DE008AB0C4 /* SettingTabViewController.swift in Sources */,
				F215A8432BE7D87C008AB0C4 /* main.swift in Sources */,
				F215A8602BE7D8DE008AB0C4 /* SubscriptionToken.swift in Sources */,
				F215A8622BE7D8DE008AB0C4 /* ViewUtils.swift in Sources */,
				F215A85C2BE7D8DE008AB0C4 /* Map+.swift in Sources */,
				F215A8712BE7F9FD008AB0C4 /* FinderWindowFixer.swift in Sources */,
				F215A86F2BE7F1E7008AB0C4 /* AXUtils.swift in Sources */,
				F215A8552BE7D8DE008AB0C4 /* MenuBarItemController.swift in Sources */,
				F215A85D2BE7D8DE008AB0C4 /* LaunchAtLogin.swift in Sources */,
				F215A8592BE7D8DE008AB0C4 /* SettingWindowController.swift in Sources */,
				F215A85E2BE7D8DE008AB0C4 /* MenuBuilder.swift in Sources */,
				F215A85B2BE7D8DE008AB0C4 /* Bundle+.swift in Sources */,
				F2EFDD462BEBE1BA001A9B6D /* WindowFixer.swift in Sources */,
				F215A8642BE7E9B5008AB0C4 /* GeneralSetting.swift in Sources */,
				F215A8562BE7D8DE008AB0C4 /* SettingContentRepresentable.swift in Sources */,
				F215A85F2BE7D8DE008AB0C4 /* MenuItemBuilder.swift in Sources */,
				F215A8582BE7D8DE008AB0C4 /* SettingViewController.swift in Sources */,
			);
			runOnlyForDeploymentPostprocessing = 0;
		};
/* End PBXSourcesBuildPhase section */

/* Begin XCBuildConfiguration section */
		F215A83C2BE7D7E5008AB0C4 /* Debug */ = {
			isa = XCBuildConfiguration;
			buildSettings = {
				ALWAYS_SEARCH_USER_PATHS = NO;
				ASSETCATALOG_COMPILER_GENERATE_SWIFT_ASSET_SYMBOL_EXTENSIONS = YES;
				CLANG_ANALYZER_LOCALIZABILITY_NONLOCALIZED = YES;
				CLANG_ANALYZER_NONNULL = YES;
				CLANG_ANALYZER_NUMBER_OBJECT_CONVERSION = YES_AGGRESSIVE;
				CLANG_CXX_LANGUAGE_STANDARD = "gnu++20";
				CLANG_ENABLE_MODULES = YES;
				CLANG_ENABLE_OBJC_ARC = YES;
				CLANG_ENABLE_OBJC_WEAK = YES;
				CLANG_WARN_BLOCK_CAPTURE_AUTORELEASING = YES;
				CLANG_WARN_BOOL_CONVERSION = YES;
				CLANG_WARN_COMMA = YES;
				CLANG_WARN_CONSTANT_CONVERSION = YES;
				CLANG_WARN_DEPRECATED_OBJC_IMPLEMENTATIONS = YES;
				CLANG_WARN_DIRECT_OBJC_ISA_USAGE = YES_ERROR;
				CLANG_WARN_DOCUMENTATION_COMMENTS = YES;
				CLANG_WARN_EMPTY_BODY = YES;
				CLANG_WARN_ENUM_CONVERSION = YES;
				CLANG_WARN_INFINITE_RECURSION = YES;
				CLANG_WARN_INT_CONVERSION = YES;
				CLANG_WARN_NON_LITERAL_NULL_CONVERSION = YES;
				CLANG_WARN_OBJC_IMPLICIT_RETAIN_SELF = YES;
				CLANG_WARN_OBJC_LITERAL_CONVERSION = YES;
				CLANG_WARN_OBJC_ROOT_CLASS = YES_ERROR;
				CLANG_WARN_QUOTED_INCLUDE_IN_FRAMEWORK_HEADER = YES;
				CLANG_WARN_RANGE_LOOP_ANALYSIS = YES;
				CLANG_WARN_STRICT_PROTOTYPES = YES;
				CLANG_WARN_SUSPICIOUS_MOVE = YES;
				CLANG_WARN_UNGUARDED_AVAILABILITY = YES_AGGRESSIVE;
				CLANG_WARN_UNREACHABLE_CODE = YES;
				CLANG_WARN__DUPLICATE_METHOD_MATCH = YES;
				COPY_PHASE_STRIP = NO;
				DEAD_CODE_STRIPPING = YES;
				DEBUG_INFORMATION_FORMAT = dwarf;
				ENABLE_STRICT_OBJC_MSGSEND = YES;
				ENABLE_TESTABILITY = YES;
				ENABLE_USER_SCRIPT_SANDBOXING = YES;
				GCC_C_LANGUAGE_STANDARD = gnu17;
				GCC_DYNAMIC_NO_PIC = NO;
				GCC_NO_COMMON_BLOCKS = YES;
				GCC_OPTIMIZATION_LEVEL = 0;
				GCC_PREPROCESSOR_DEFINITIONS = (
					"DEBUG=1",
					"$(inherited)",
				);
				GCC_WARN_64_TO_32_BIT_CONVERSION = YES;
				GCC_WARN_ABOUT_RETURN_TYPE = YES_ERROR;
				GCC_WARN_UNDECLARED_SELECTOR = YES;
				GCC_WARN_UNINITIALIZED_AUTOS = YES_AGGRESSIVE;
				GCC_WARN_UNUSED_FUNCTION = YES;
				GCC_WARN_UNUSED_VARIABLE = YES;
				LOCALIZATION_PREFERS_STRING_CATALOGS = YES;
				MACOSX_DEPLOYMENT_TARGET = 14.4;
				MTL_ENABLE_DEBUG_INFO = INCLUDE_SOURCE;
				MTL_FAST_MATH = YES;
				ONLY_ACTIVE_ARCH = YES;
				SDKROOT = macosx;
				SWIFT_ACTIVE_COMPILATION_CONDITIONS = "DEBUG $(inherited)";
				SWIFT_OPTIMIZATION_LEVEL = "-Onone";
			};
			name = Debug;
		};
		F215A83D2BE7D7E5008AB0C4 /* Release */ = {
			isa = XCBuildConfiguration;
			buildSettings = {
				ALWAYS_SEARCH_USER_PATHS = NO;
				ASSETCATALOG_COMPILER_GENERATE_SWIFT_ASSET_SYMBOL_EXTENSIONS = YES;
				CLANG_ANALYZER_LOCALIZABILITY_NONLOCALIZED = YES;
				CLANG_ANALYZER_NONNULL = YES;
				CLANG_ANALYZER_NUMBER_OBJECT_CONVERSION = YES_AGGRESSIVE;
				CLANG_CXX_LANGUAGE_STANDARD = "gnu++20";
				CLANG_ENABLE_MODULES = YES;
				CLANG_ENABLE_OBJC_ARC = YES;
				CLANG_ENABLE_OBJC_WEAK = YES;
				CLANG_WARN_BLOCK_CAPTURE_AUTORELEASING = YES;
				CLANG_WARN_BOOL_CONVERSION = YES;
				CLANG_WARN_COMMA = YES;
				CLANG_WARN_CONSTANT_CONVERSION = YES;
				CLANG_WARN_DEPRECATED_OBJC_IMPLEMENTATIONS = YES;
				CLANG_WARN_DIRECT_OBJC_ISA_USAGE = YES_ERROR;
				CLANG_WARN_DOCUMENTATION_COMMENTS = YES;
				CLANG_WARN_EMPTY_BODY = YES;
				CLANG_WARN_ENUM_CONVERSION = YES;
				CLANG_WARN_INFINITE_RECURSION = YES;
				CLANG_WARN_INT_CONVERSION = YES;
				CLANG_WARN_NON_LITERAL_NULL_CONVERSION = YES;
				CLANG_WARN_OBJC_IMPLICIT_RETAIN_SELF = YES;
				CLANG_WARN_OBJC_LITERAL_CONVERSION = YES;
				CLANG_WARN_OBJC_ROOT_CLASS = YES_ERROR;
				CLANG_WARN_QUOTED_INCLUDE_IN_FRAMEWORK_HEADER = YES;
				CLANG_WARN_RANGE_LOOP_ANALYSIS = YES;
				CLANG_WARN_STRICT_PROTOTYPES = YES;
				CLANG_WARN_SUSPICIOUS_MOVE = YES;
				CLANG_WARN_UNGUARDED_AVAILABILITY = YES_AGGRESSIVE;
				CLANG_WARN_UNREACHABLE_CODE = YES;
				CLANG_WARN__DUPLICATE_METHOD_MATCH = YES;
				COPY_PHASE_STRIP = NO;
				DEAD_CODE_STRIPPING = YES;
				DEBUG_INFORMATION_FORMAT = "dwarf-with-dsym";
				ENABLE_NS_ASSERTIONS = NO;
				ENABLE_STRICT_OBJC_MSGSEND = YES;
				ENABLE_USER_SCRIPT_SANDBOXING = YES;
				GCC_C_LANGUAGE_STANDARD = gnu17;
				GCC_NO_COMMON_BLOCKS = YES;
				GCC_WARN_64_TO_32_BIT_CONVERSION = YES;
				GCC_WARN_ABOUT_RETURN_TYPE = YES_ERROR;
				GCC_WARN_UNDECLARED_SELECTOR = YES;
				GCC_WARN_UNINITIALIZED_AUTOS = YES_AGGRESSIVE;
				GCC_WARN_UNUSED_FUNCTION = YES;
				GCC_WARN_UNUSED_VARIABLE = YES;
				LOCALIZATION_PREFERS_STRING_CATALOGS = YES;
				MACOSX_DEPLOYMENT_TARGET = 14.4;
				MTL_ENABLE_DEBUG_INFO = NO;
				MTL_FAST_MATH = YES;
				SDKROOT = macosx;
				SWIFT_COMPILATION_MODE = wholemodule;
			};
			name = Release;
		};
		F215A83F2BE7D7E5008AB0C4 /* Debug */ = {
			isa = XCBuildConfiguration;
			buildSettings = {
				ASSETCATALOG_COMPILER_APPICON_NAME = AppIcon;
				ASSETCATALOG_COMPILER_GLOBAL_ACCENT_COLOR_NAME = AccentColor;
				CODE_SIGN_ENTITLEMENTS = FinderResize/Resources/FinderResize.entitlements;
				CODE_SIGN_STYLE = Automatic;
				COMBINE_HIDPI_IMAGES = YES;
				CURRENT_PROJECT_VERSION = 1;
				DEAD_CODE_STRIPPING = YES;
				DEVELOPMENT_TEAM = V65YCRQZ2M;
				ENABLE_HARDENED_RUNTIME = YES;
				GENERATE_INFOPLIST_FILE = YES;
				INFOPLIST_FILE = "";
				INFOPLIST_KEY_LSUIElement = YES;
				INFOPLIST_KEY_NSHumanReadableCopyright = "";
				INFOPLIST_KEY_NSPrincipalClass = NSApplication;
				LD_RUNPATH_SEARCH_PATHS = (
					"$(inherited)",
					"@executable_path/../Frameworks",
				);
				MACOSX_DEPLOYMENT_TARGET = 13.0;
				MARKETING_VERSION = 1.0;
				PRODUCT_BUNDLE_IDENTIFIER = com.lzhlovesjyq.FinderResize;
				PRODUCT_NAME = "$(TARGET_NAME)";
				SWIFT_EMIT_LOC_STRINGS = YES;
				SWIFT_VERSION = 5.0;
			};
			name = Debug;
		};
		F215A8402BE7D7E5008AB0C4 /* Release */ = {
			isa = XCBuildConfiguration;
			buildSettings = {
				ASSETCATALOG_COMPILER_APPICON_NAME = AppIcon;
				ASSETCATALOG_COMPILER_GLOBAL_ACCENT_COLOR_NAME = AccentColor;
				CODE_SIGN_ENTITLEMENTS = FinderResize/Resources/FinderResize.entitlements;
				CODE_SIGN_STYLE = Automatic;
				COMBINE_HIDPI_IMAGES = YES;
				CURRENT_PROJECT_VERSION = 1;
				DEAD_CODE_STRIPPING = YES;
				DEVELOPMENT_TEAM = V65YCRQZ2M;
				ENABLE_HARDENED_RUNTIME = YES;
				GENERATE_INFOPLIST_FILE = YES;
				INFOPLIST_FILE = "";
				INFOPLIST_KEY_LSUIElement = YES;
				INFOPLIST_KEY_NSHumanReadableCopyright = "";
				INFOPLIST_KEY_NSPrincipalClass = NSApplication;
				LD_RUNPATH_SEARCH_PATHS = (
					"$(inherited)",
					"@executable_path/../Frameworks",
				);
				MACOSX_DEPLOYMENT_TARGET = 13.0;
				MARKETING_VERSION = 1.0;
				PRODUCT_BUNDLE_IDENTIFIER = com.lzhlovesjyq.FinderResize;
				PRODUCT_NAME = "$(TARGET_NAME)";
				SWIFT_EMIT_LOC_STRINGS = YES;
				SWIFT_VERSION = 5.0;
			};
			name = Release;
		};
/* End XCBuildConfiguration section */

/* Begin XCConfigurationList section */
		F215A82A2BE7D7E4008AB0C4 /* Build configuration list for PBXProject "FinderResize" */ = {
			isa = XCConfigurationList;
			buildConfigurations = (
				F215A83C2BE7D7E5008AB0C4 /* Debug */,
				F215A83D2BE7D7E5008AB0C4 /* Release */,
			);
			defaultConfigurationIsVisible = 0;
			defaultConfigurationName = Release;
		};
		F215A83E2BE7D7E5008AB0C4 /* Build configuration list for PBXNativeTarget "FinderResize" */ = {
			isa = XCConfigurationList;
			buildConfigurations = (
				F215A83F2BE7D7E5008AB0C4 /* Debug */,
				F215A8402BE7D7E5008AB0C4 /* Release */,
			);
			defaultConfigurationIsVisible = 0;
			defaultConfigurationName = Release;
		};
/* End XCConfigurationList section */

/* Begin XCRemoteSwiftPackageReference section */
		F2EFDD422BEBCEAF001A9B6D /* XCRemoteSwiftPackageReference "StorageMacro" */ = {
			isa = XCRemoteSwiftPackageReference;
			repositoryURL = "https://github.com/LZhenHong/StorageMacro";
			requirement = {
				branch = main;
				kind = branch;
			};
		};
/* End XCRemoteSwiftPackageReference section */

/* Begin XCSwiftPackageProductDependency section */
		F2EFDD432BEBCEAF001A9B6D /* Storage */ = {
			isa = XCSwiftPackageProductDependency;
			package = F2EFDD422BEBCEAF001A9B6D /* XCRemoteSwiftPackageReference "StorageMacro" */;
			productName = Storage;
		};
/* End XCSwiftPackageProductDependency section */
	};
	rootObject = F215A8272BE7D7E4008AB0C4 /* Project object */;
}
